// !$*UTF8*$!
{
	archiveVersion = 1;
	classes = {
	};
	objectVersion = 50;
	objects = {

/* Begin PBXBuildFile section */
		B0A37D44249C85CF00C3F388 /* AppDelegate.swift in Sources */ = {isa = PBXBuildFile; fileRef = B0A37D43249C85CF00C3F388 /* AppDelegate.swift */; };
		B0A37D46249C85CF00C3F388 /* SceneDelegate.swift in Sources */ = {isa = PBXBuildFile; fileRef = B0A37D45249C85CF00C3F388 /* SceneDelegate.swift */; };
		B0A37D48249C85CF00C3F388 /* ContentView.swift in Sources */ = {isa = PBXBuildFile; fileRef = B0A37D47249C85CF00C3F388 /* ContentView.swift */; };
		B0A37D4A249C85D100C3F388 /* Assets.xcassets in Resources */ = {isa = PBXBuildFile; fileRef = B0A37D49249C85D100C3F388 /* Assets.xcassets */; };
		B0A37D4D249C85D100C3F388 /* Preview Assets.xcassets in Resources */ = {isa = PBXBuildFile; fileRef = B0A37D4C249C85D100C3F388 /* Preview Assets.xcassets */; };
		B0A37D50249C85D100C3F388 /* LaunchScreen.storyboard in Resources */ = {isa = PBXBuildFile; fileRef = B0A37D4E249C85D100C3F388 /* LaunchScreen.storyboard */; };
/* End PBXBuildFile section */

/* Begin PBXFileReference section */
		B0A37D40249C85CF00C3F388 /* StartUpPopcorn.app */ = {isa = PBXFileReference; explicitFileType = wrapper.application; includeInIndex = 0; path = StartUpPopcorn.app; sourceTree = BUILT_PRODUCTS_DIR; };
		B0A37D43249C85CF00C3F388 /* AppDelegate.swift */ = {isa = PBXFileReference; lastKnownFileType = sourcecode.swift; path = AppDelegate.swift; sourceTree = "<group>"; };
		B0A37D45249C85CF00C3F388 /* SceneDelegate.swift */ = {isa = PBXFileReference; lastKnownFileType = sourcecode.swift; path = SceneDelegate.swift; sourceTree = "<group>"; };
		B0A37D47249C85CF00C3F388 /* ContentView.swift */ = {isa = PBXFileReference; lastKnownFileType = sourcecode.swift; path = ContentView.swift; sourceTree = "<group>"; };
		B0A37D49249C85D100C3F388 /* Assets.xcassets */ = {isa = PBXFileReference; lastKnownFileType = folder.assetcatalog; path = Assets.xcassets; sourceTree = "<group>"; };
		B0A37D4C249C85D100C3F388 /* Preview Assets.xcassets */ = {isa = PBXFileReference; lastKnownFileType = folder.assetcatalog; path = "Preview Assets.xcassets"; sourceTree = "<group>"; };
		B0A37D4F249C85D100C3F388 /* Base */ = {isa = PBXFileReference; lastKnownFileType = file.storyboard; name = Base; path = Base.lproj/LaunchScreen.storyboard; sourceTree = "<group>"; };
		B0A37D51249C85D100C3F388 /* Info.plist */ = {isa = PBXFileReference; lastKnownFileType = text.plist.xml; path = Info.plist; sourceTree = "<group>"; };
/* End PBXFileReference section */

/* Begin PBXFrameworksBuildPhase section */
		B0A37D3D249C85CF00C3F388 /* Frameworks */ = {
			isa = PBXFrameworksBuildPhase;
			buildActionMask = 2147483647;
			files = (
			);
			runOnlyForDeploymentPostprocessing = 0;
		};
/* End PBXFrameworksBuildPhase section */

/* Begin PBXGroup section */
		B0A37D37249C85CF00C3F388 = {
			isa = PBXGroup;
			children = (
				B0A37D42249C85CF00C3F388 /* StartUpPopcorn */,
				B0A37D41249C85CF00C3F388 /* Products */,
			);
			sourceTree = "<group>";
		};
		B0A37D41249C85CF00C3F388 /* Products */ = {
			isa = PBXGroup;
			children = (
				B0A37D40249C85CF00C3F388 /* StartUpPopcorn.app */,
			);
			name = Products;
			sourceTree = "<group>";
		};
		B0A37D42249C85CF00C3F388 /* StartUpPopcorn */ = {
			isa = PBXGroup;
			children = (
				B0A37D43249C85CF00C3F388 /* AppDelegate.swift */,
				B0A37D45249C85CF00C3F388 /* SceneDelegate.swift */,
				B0A37D47249C85CF00C3F388 /* ContentView.swift */,
				B0A37D49249C85D100C3F388 /* Assets.xcassets */,
				B0A37D4E249C85D100C3F388 /* LaunchScreen.storyboard */,
				B0A37D51249C85D100C3F388 /* Info.plist */,
				B0A37D4B249C85D100C3F388 /* Preview Content */,
			);
			path = StartUpPopcorn;
			sourceTree = "<group>";
		};
		B0A37D4B249C85D100C3F388 /* Preview Content */ = {
			isa = PBXGroup;
			children = (
				B0A37D4C249C85D100C3F388 /* Preview Assets.xcassets */,
			);
			path = "Preview Content";
			sourceTree = "<group>";
		};
/* End PBXGroup section */

/* Begin PBXNativeTarget section */
		B0A37D3F249C85CF00C3F388 /* StartUpPopcorn */ = {
			isa = PBXNativeTarget;
			buildConfigurationList = B0A37D54249C85D100C3F388 /* Build configuration list for PBXNativeTarget "StartUpPopcorn" */;
			buildPhases = (
				B0A37D3C249C85CF00C3F388 /* Sources */,
				B0A37D3D249C85CF00C3F388 /* Frameworks */,
				B0A37D3E249C85CF00C3F388 /* Resources */,
			);
			buildRules = (
			);
			dependencies = (
			);
			name = StartUpPopcorn;
			productName = StartUpPopcorn;
			productReference = B0A37D40249C85CF00C3F388 /* StartUpPopcorn.app */;
			productType = "com.apple.product-type.application";
		};
/* End PBXNativeTarget section */

/* Begin PBXProject section */
		B0A37D38249C85CF00C3F388 /* Project object */ = {
			isa = PBXProject;
			attributes = {
				LastSwiftUpdateCheck = 1130;
				LastUpgradeCheck = 1130;
				ORGANIZATIONNAME = "Naoki Yoshida";
				TargetAttributes = {
					B0A37D3F249C85CF00C3F388 = {
						CreatedOnToolsVersion = 11.3.1;
					};
				};
			};
			buildConfigurationList = B0A37D3B249C85CF00C3F388 /* Build configuration list for PBXProject "StartUpPopcorn" */;
			compatibilityVersion = "Xcode 9.3";
			developmentRegion = en;
			hasScannedForEncodings = 0;
			knownRegions = (
				en,
				Base,
			);
			mainGroup = B0A37D37249C85CF00C3F388;
			productRefGroup = B0A37D41249C85CF00C3F388 /* Products */;
			projectDirPath = "";
			projectRoot = "";
			targets = (
				B0A37D3F249C85CF00C3F388 /* StartUpPopcorn */,
			);
		};
/* End PBXProject section */

/* Begin PBXResourcesBuildPhase section */
		B0A37D3E249C85CF00C3F388 /* Resources */ = {
			isa = PBXResourcesBuildPhase;
			buildActionMask = 2147483647;
			files = (
				B0A37D50249C85D100C3F388 /* LaunchScreen.storyboard in Resources */,
				B0A37D4D249C85D100C3F388 /* Preview Assets.xcassets in Resources */,
				B0A37D4A249C85D100C3F388 /* Assets.xcassets in Resources */,
			);
			runOnlyForDeploymentPostprocessing = 0;
		};
/* End PBXResourcesBuildPhase section */

/* Begin PBXSourcesBuildPhase section */
		B0A37D3C249C85CF00C3F388 /* Sources */ = {
			isa = PBXSourcesBuildPhase;
			buildActionMask = 2147483647;
			files = (
				B0A37D44249C85CF00C3F388 /* AppDelegate.swift in Sources */,
				B0A37D46249C85CF00C3F388 /* SceneDelegate.swift in Sources */,
				B0A37D48249C85CF00C3F388 /* ContentView.swift in Sources */,
			);
			runOnlyForDeploymentPostprocessing = 0;
		};
/* End PBXSourcesBuildPhase section */

/* Begin PBXVariantGroup section */
		B0A37D4E249C85D100C3F388 /* LaunchScreen.storyboard */ = {
			isa = PBXVariantGroup;
			children = (
				B0A37D4F249C85D100C3F388 /* Base */,
			);
			name = LaunchScreen.storyboard;
			sourceTree = "<group>";
		};
/* End PBXVariantGroup section */

/* Begin XCBuildConfiguration section */
		B0A37D52249C85D100C3F388 /* Debug */ = {
			isa = XCBuildConfiguration;
			buildSettings = {
				ALWAYS_SEARCH_USER_PATHS = NO;
				CLANG_ANALYZER_NONNULL = YES;
				CLANG_ANALYZER_NUMBER_OBJECT_CONVERSION = YES_AGGRESSIVE;
				CLANG_CXX_LANGUAGE_STANDARD = "gnu++14";
				CLANG_CXX_LIBRARY = "libc++";
				CLANG_ENABLE_MODULES = YES;
				CLANG_ENABLE_OBJC_ARC = YES;
				CLANG_ENABLE_OBJC_WEAK = YES;
				CLANG_WARN_BLOCK_CAPTURE_AUTORELEASING = YES;
				CLANG_WARN_BOOL_CONVERSION = YES;
				CLANG_WARN_COMMA = YES;
				CLANG_WARN_CONSTANT_CONVERSION = YES;
				CLANG_WARN_DEPRECATED_OBJC_IMPLEMENTATIONS = YES;
				CLANG_WARN_DIRECT_OBJC_ISA_USAGE = YES_ERROR;
				CLANG_WARN_DOCUMENTATION_COMMENTS = YES;
				CLANG_WARN_EMPTY_BODY = YES;
				CLANG_WARN_ENUM_CONVERSION = YES;
				CLANG_WARN_INFINITE_RECURSION = YES;
				CLANG_WARN_INT_CONVERSION = YES;
				CLANG_WARN_NON_LITERAL_NULL_CONVERSION = YES;
				CLANG_WARN_OBJC_IMPLICIT_RETAIN_SELF = YES;
				CLANG_WARN_OBJC_LITERAL_CONVERSION = YES;
				CLANG_WARN_OBJC_ROOT_CLASS = YES_ERROR;
				CLANG_WARN_RANGE_LOOP_ANALYSIS = YES;
				CLANG_WARN_STRICT_PROTOTYPES = YES;
				CLANG_WARN_SUSPICIOUS_MOVE = YES;
				CLANG_WARN_UNGUARDED_AVAILABILITY = YES_AGGRESSIVE;
				CLANG_WARN_UNREACHABLE_CODE = YES;
				CLANG_WARN__DUPLICATE_METHOD_MATCH = YES;
				COPY_PHASE_STRIP = NO;
				DEBUG_INFORMATION_FORMAT = dwarf;
				ENABLE_STRICT_OBJC_MSGSEND = YES;
				ENABLE_TESTABILITY = YES;
				GCC_C_LANGUAGE_STANDARD = gnu11;
				GCC_DYNAMIC_NO_PIC = NO;
				GCC_NO_COMMON_BLOCKS = YES;
				GCC_OPTIMIZATION_LEVEL = 0;
				GCC_PREPROCESSOR_DEFINITIONS = (
					"DEBUG=1",
					"$(inherited)",
				);
				GCC_WARN_64_TO_32_BIT_CONVERSION = YES;
				GCC_WARN_ABOUT_RETURN_TYPE = YES_ERROR;
				GCC_WARN_UNDECLARED_SELECTOR = YES;
				GCC_WARN_UNINITIALIZED_AUTOS = YES_AGGRESSIVE;
				GCC_WARN_UNUSED_FUNCTION = YES;
				GCC_WARN_UNUSED_VARIABLE = YES;
				IPHONEOS_DEPLOYMENT_TARGET = 13.2;
				MTL_ENABLE_DEBUG_INFO = INCLUDE_SOURCE;
				MTL_FAST_MATH = YES;
				ONLY_ACTIVE_ARCH = YES;
				SDKROOT = iphoneos;
				SWIFT_ACTIVE_COMPILATION_CONDITIONS = DEBUG;
				SWIFT_OPTIMIZATION_LEVEL = "-Onone";
			};
			name = Debug;
		};
		B0A37D53249C85D100C3F388 /* Release */ = {
			isa = XCBuildConfiguration;
			buildSettings = {
				ALWAYS_SEARCH_USER_PATHS = NO;
				CLANG_ANALYZER_NONNULL = YES;
				CLANG_ANALYZER_NUMBER_OBJECT_CONVERSION = YES_AGGRESSIVE;
				CLANG_CXX_LANGUAGE_STANDARD = "gnu++14";
				CLANG_CXX_LIBRARY = "libc++";
				CLANG_ENABLE_MODULES = YES;
				CLANG_ENABLE_OBJC_ARC = YES;
				CLANG_ENABLE_OBJC_WEAK = YES;
				CLANG_WARN_BLOCK_CAPTURE_AUTORELEASING = YES;
				CLANG_WARN_BOOL_CONVERSION = YES;
				CLANG_WARN_COMMA = YES;
				CLANG_WARN_CONSTANT_CONVERSION = YES;
				CLANG_WARN_DEPRECATED_OBJC_IMPLEMENTATIONS = YES;
				CLANG_WARN_DIRECT_OBJC_ISA_USAGE = YES_ERROR;
				CLANG_WARN_DOCUMENTATION_COMMENTS = YES;
				CLANG_WARN_EMPTY_BODY = YES;
				CLANG_WARN_ENUM_CONVERSION = YES;
				CLANG_WARN_INFINITE_RECURSION = YES;
				CLANG_WARN_INT_CONVERSION = YES;
				CLANG_WARN_NON_LITERAL_NULL_CONVERSION = YES;
				CLANG_WARN_OBJC_IMPLICIT_RETAIN_SELF = YES;
				CLANG_WARN_OBJC_LITERAL_CONVERSION = YES;
				CLANG_WARN_OBJC_ROOT_CLASS = YES_ERROR;
				CLANG_WARN_RANGE_LOOP_ANALYSIS = YES;
				CLANG_WARN_STRICT_PROTOTYPES = YES;
				CLANG_WARN_SUSPICIOUS_MOVE = YES;
				CLANG_WARN_UNGUARDED_AVAILABILITY = YES_AGGRESSIVE;
				CLANG_WARN_UNREACHABLE_CODE = YES;
				CLANG_WARN__DUPLICATE_METHOD_MATCH = YES;
				COPY_PHASE_STRIP = NO;
				DEBUG_INFORMATION_FORMAT = "dwarf-with-dsym";
				ENABLE_NS_ASSERTIONS = NO;
				ENABLE_STRICT_OBJC_MSGSEND = YES;
				GCC_C_LANGUAGE_STANDARD = gnu11;
				GCC_NO_COMMON_BLOCKS = YES;
				GCC_WARN_64_TO_32_BIT_CONVERSION = YES;
				GCC_WARN_ABOUT_RETURN_TYPE = YES_ERROR;
				GCC_WARN_UNDECLARED_SELECTOR = YES;
				GCC_WARN_UNINITIALIZED_AUTOS = YES_AGGRESSIVE;
				GCC_WARN_UNUSED_FUNCTION = YES;
				GCC_WARN_UNUSED_VARIABLE = YES;
				IPHONEOS_DEPLOYMENT_TARGET = 13.2;
				MTL_ENABLE_DEBUG_INFO = NO;
				MTL_FAST_MATH = YES;
				SDKROOT = iphoneos;
				SWIFT_COMPILATION_MODE = wholemodule;
				SWIFT_OPTIMIZATION_LEVEL = "-O";
				VALIDATE_PRODUCT = YES;
			};
			name = Release;
		};
		B0A37D55249C85D100C3F388 /* Debug */ = {
			isa = XCBuildConfiguration;
			buildSettings = {
				ASSETCATALOG_COMPILER_APPICON_NAME = AppIcon;
				CODE_SIGN_STYLE = Automatic;
				DEVELOPMENT_ASSET_PATHS = "\"StartUpPopcorn/Preview Content\"";
				ENABLE_PREVIEWS = YES;
				INFOPLIST_FILE = StartUpPopcorn/Info.plist;
				LD_RUNPATH_SEARCH_PATHS = (
					"$(inherited)",
					"@executable_path/Frameworks",
				);
				PRODUCT_BUNDLE_IDENTIFIER = com.hogehoge.StartUpPopcorn;
				PRODUCT_NAME = "$(TARGET_NAME)";
				SWIFT_VERSION = 5.0;
				TARGETED_DEVICE_FAMILY = "1,2";
			};
			name = Debug;
		};
		B0A37D56249C85D100C3F388 /* Release */ = {
			isa = XCBuildConfiguration;
			buildSettings = {
				ASSETCATALOG_COMPILER_APPICON_NAME = AppIcon;
				CODE_SIGN_STYLE = Automatic;
				DEVELOPMENT_ASSET_PATHS = "\"StartUpPopcorn/Preview Content\"";
				ENABLE_PREVIEWS = YES;
				INFOPLIST_FILE = StartUpPopcorn/Info.plist;
				LD_RUNPATH_SEARCH_PATHS = (
					"$(inherited)",
					"@executable_path/Frameworks",
				);
				PRODUCT_BUNDLE_IDENTIFIER = com.hogehoge.StartUpPopcorn;
				PRODUCT_NAME = "$(TARGET_NAME)";
				SWIFT_VERSION = 5.0;
				TARGETED_DEVICE_FAMILY = "1,2";
			};
			name = Release;
		};
/* End XCBuildConfiguration section */

/* Begin XCConfigurationList section */
		B0A37D3B249C85CF00C3F388 /* Build configuration list for PBXProject "StartUpPopcorn" */ = {
			isa = XCConfigurationList;
			buildConfigurations = (
				B0A37D52249C85D100C3F388 /* Debug */,
				B0A37D53249C85D100C3F388 /* Release */,
			);
			defaultConfigurationIsVisible = 0;
			defaultConfigurationName = Release;
		};
		B0A37D54249C85D100C3F388 /* Build configuration list for PBXNativeTarget "StartUpPopcorn" */ = {
			isa = XCConfigurationList;
			buildConfigurations = (
				B0A37D55249C85D100C3F388 /* Debug */,
				B0A37D56249C85D100C3F388 /* Release */,
			);
			defaultConfigurationIsVisible = 0;
			defaultConfigurationName = Release;
		};
/* End XCConfigurationList section */
	};
	rootObject = B0A37D38249C85CF00C3F388 /* Project object */;
}
